{
  "version": 4,
  "terraform_version": "1.2.0",
  "serial": 31,
  "lineage": "9eb40df2-1648-7c98-6eb5-fe01db58eb8f",
  "outputs": {
    "output_integer": {
      "value": {
        "id": "224",
        "keepers": null,
        "max": 300,
        "min": 20,
        "result": 224,
        "seed": null
      },
      "type": [
        "object",
        {
          "id": "string",
          "keepers": [
            "map",
            "string"
          ],
          "max": "number",
          "min": "number",
          "result": "number",
          "seed": "string"
        }
      ]
    }
  },
  "resources": [
    {
      "mode": "managed",
      "type": "random_integer",
      "name": "name",
      "provider": "provider[\"registry.terraform.io/hashicorp/random\"]",
      "instances": [
        {
          "schema_version": 0,
          "attributes": {
            "id": "224",
            "keepers": null,
            "max": 300,
            "min": 20,
            "result": 224,
            "seed": null
          },
          "sensitive_attributes": [],
          "private": "bnVsbA==",
          "create_before_destroy": true
        }
      ]
    }
  ]
}
