{
  "version": 4,
  "terraform_version": "1.2.0",
  "serial": 19,
  "lineage": "9eb40df2-1648-7c98-6eb5-fe01db58eb8f",
  "outputs": {},
  "resources": [
    {
      "mode": "managed",
      "type": "local_file",
      "name": "file1",
      "provider": "provider[\"registry.terraform.io/hashicorp/local\"]",
      "instances": [
        {
          "schema_version": 0,
          "attributes": {
            "content": "This is random String from r_string below : :+WQXM_[=9@%",
            "content_base64": null,
            "directory_permission": "0777",
            "file_permission": "0777",
            "filename": "explicit.txt",
            "id": "5119039639c9620a86df538ca02e21f3b5246fcf",
            "sensitive_content": null,
            "source": null
          },
          "sensitive_attributes": [],
          "private": "bnVsbA==",
          "dependencies": [
            "random_string.r_string"
          ]
        }
      ]
    },
    {
      "mode": "managed",
      "type": "random_string",
      "name": "r_string",
      "provider": "provider[\"registry.terraform.io/hashicorp/random\"]",
      "instances": [
        {
          "schema_version": 1,
          "attributes": {
            "id": ":+WQXM_[=9@%",
            "keepers": null,
            "length": 12,
            "lower": true,
            "min_lower": 0,
            "min_numeric": 0,
            "min_special": 0,
            "min_upper": 0,
            "number": true,
            "override_special": null,
            "result": ":+WQXM_[=9@%",
            "special": true,
            "upper": true
          },
          "sensitive_attributes": [],
          "private": "eyJzY2hlbWFfdmVyc2lvbiI6IjEifQ=="
        }
      ]
    }
  ]
}
