{
  "version": 4,
  "terraform_version": "1.2.0",
  "serial": 20,
  "lineage": "9eb40df2-1648-7c98-6eb5-fe01db58eb8f",
  "outputs": {
    "output_id": {
      "value": {
        "b64_std": "ktvP",
        "b64_url": "ktvP",
        "byte_length": 3,
        "dec": "9624527",
        "hex": "92dbcf",
        "id": "ktvP",
        "keepers": null,
        "prefix": null
      },
      "type": [
        "object",
        {
          "b64_std": "string",
          "b64_url": "string",
          "byte_length": "number",
          "dec": "string",
          "hex": "string",
          "id": "string",
          "keepers": [
            "map",
            "string"
          ],
          "prefix": "string"
        }
      ]
    },
    "output_integer": {
      "value": 560,
      "type": "number"
    },
    "output_password": {
      "value": "*d:t{7]Kn4",
      "type": "string",
      "sensitive": true
    },
    "output_string": {
      "value": "w$W80Zq31601",
      "type": "string"
    },
    "output_uuid": {
      "value": "a5910250-3873-3717-4cd1-53d486d56d47",
      "type": "string"
    }
  },
  "resources": [
    {
      "mode": "managed",
      "type": "random_id",
      "name": "r_id",
      "provider": "provider[\"registry.terraform.io/hashicorp/random\"]",
      "instances": [
        {
          "schema_version": 0,
          "attributes": {
            "b64_std": "ktvP",
            "b64_url": "ktvP",
            "byte_length": 3,
            "dec": "9624527",
            "hex": "92dbcf",
            "id": "ktvP",
            "keepers": null,
            "prefix": null
          },
          "sensitive_attributes": [],
          "private": "bnVsbA=="
        }
      ]
    },
    {
      "mode": "managed",
      "type": "random_integer",
      "name": "r_int",
      "provider": "provider[\"registry.terraform.io/hashicorp/random\"]",
      "instances": [
        {
          "schema_version": 0,
          "attributes": {
            "id": "560",
            "keepers": null,
            "max": 654,
            "min": 32,
            "result": 560,
            "seed": null
          },
          "sensitive_attributes": [],
          "private": "bnVsbA=="
        }
      ]
    },
    {
      "mode": "managed",
      "type": "random_password",
      "name": "r_password",
      "provider": "provider[\"registry.terraform.io/hashicorp/random\"]",
      "instances": [
        {
          "schema_version": 1,
          "attributes": {
            "bcrypt_hash": "$2a$10$RkTARCgPCoD3WJIxbzXa5OfuyzqjwURJMZqsPCN.lEW0xafCNM322",
            "id": "none",
            "keepers": null,
            "length": 10,
            "lower": true,
            "min_lower": 0,
            "min_numeric": 0,
            "min_special": 0,
            "min_upper": 0,
            "number": true,
            "override_special": null,
            "result": "*d:t{7]Kn4",
            "special": true,
            "upper": true
          },
          "sensitive_attributes": [],
          "private": "eyJzY2hlbWFfdmVyc2lvbiI6IjEifQ=="
        }
      ]
    },
    {
      "mode": "managed",
      "type": "random_string",
      "name": "r_string",
      "provider": "provider[\"registry.terraform.io/hashicorp/random\"]",
      "instances": [
        {
          "schema_version": 1,
          "attributes": {
            "id": "w$W80Zq31601",
            "keepers": null,
            "length": 12,
            "lower": true,
            "min_lower": 0,
            "min_numeric": 0,
            "min_special": 0,
            "min_upper": 0,
            "number": true,
            "override_special": null,
            "result": "w$W80Zq31601",
            "special": true,
            "upper": true
          },
          "sensitive_attributes": [],
          "private": "eyJzY2hlbWFfdmVyc2lvbiI6IjEifQ=="
        }
      ]
    },
    {
      "mode": "managed",
      "type": "random_uuid",
      "name": "r_uuid",
      "provider": "provider[\"registry.terraform.io/hashicorp/random\"]",
      "instances": [
        {
          "schema_version": 0,
          "attributes": {
            "id": "a5910250-3873-3717-4cd1-53d486d56d47",
            "keepers": null,
            "result": "a5910250-3873-3717-4cd1-53d486d56d47"
          },
          "sensitive_attributes": [],
          "private": "bnVsbA=="
        }
      ]
    }
  ]
}
