{
  "version": 4,
  "terraform_version": "1.2.0",
  "serial": 8,
  "lineage": "9eb40df2-1648-7c98-6eb5-fe01db58eb8f",
  "outputs": {},
  "resources": [
    {
      "mode": "managed",
      "type": "local_file",
      "name": "file1",
      "provider": "provider[\"registry.terraform.io/hashicorp/local\"]",
      "instances": [
        {
          "schema_version": 0,
          "attributes": {
            "content": "this is first file",
            "content_base64": null,
            "directory_permission": "0777",
            "file_permission": "0777",
            "filename": "first-file.txt",
            "id": "64607ae323ba8560948ff99b03fd37fb488db9a2",
            "sensitive_content": null,
            "source": null
          },
          "sensitive_attributes": [],
          "private": "bnVsbA=="
        }
      ]
    },
    {
      "mode": "managed",
      "type": "local_file",
      "name": "file2",
      "provider": "provider[\"registry.terraform.io/hashicorp/local\"]",
      "instances": [
        {
          "schema_version": 0,
          "attributes": {
            "content": "this is second file",
            "content_base64": null,
            "directory_permission": "0777",
            "file_permission": "0777",
            "filename": "second-file.txt",
            "id": "798ac10c5da7f95b9370e435f0d7cc64d402b163",
            "sensitive_content": null,
            "source": null
          },
          "sensitive_attributes": [],
          "private": "bnVsbA=="
        }
      ]
    }
  ]
}
